{
  "name": "account-y",
  "version": "1.0.0",
  "lockfileVersion": 1,
  "requires": true,
  "dependencies": {
    "account-x": {
      "version": "file:../account-x",
      "requires": {
        "shared-pkg-a": "file:../../../../shared/nodejs/packages/shared-pkg-a"
      }
    },
    "shared-pkg-b": {
      "version": "file:../../../../shared/nodejs/packages/shared-pkg-b",
      "requires": {
        "lodash": "^3.10.1"
      }
    }
  }
}
